// !$*UTF8*$!
{
	archiveVersion = 1;
	classes = {
	};
	objectVersion = 51;
	objects = {

/* Begin PBXBuildFile section */
		624215E3653E668D7459BD8E /* Pods_Pokedex_SwiftUI.framework in Frameworks */ = {isa = PBXBuildFile; fileRef = 0554C5CAC9F93EAFB2123DE4 /* Pods_Pokedex_SwiftUI.framework */; };
		8E1F91952452CBE800BF4117 /* Colors.swift in Sources */ = {isa = PBXBuildFile; fileRef = 8E1F91942452CBE800BF4117 /* Colors.swift */; };
		8E1F91972452CBF100BF4117 /* JSONKey.swift in Sources */ = {isa = PBXBuildFile; fileRef = 8E1F91962452CBF100BF4117 /* JSONKey.swift */; };
		8E1F91992452CC0200BF4117 /* CSVError.swift in Sources */ = {isa = PBXBuildFile; fileRef = 8E1F91982452CC0200BF4117 /* CSVError.swift */; };
		8E1F919B2452CC7F00BF4117 /* pokemon.csv in Resources */ = {isa = PBXBuildFile; fileRef = 8E1F919A2452CC7E00BF4117 /* pokemon.csv */; };
		8E1F919E2452CCA500BF4117 /* PokemonData.swift in Sources */ = {isa = PBXBuildFile; fileRef = 8E1F919D2452CCA500BF4117 /* PokemonData.swift */; };
		8E1F91A12452CD2A00BF4117 /* RawCSV.swift in Sources */ = {isa = PBXBuildFile; fileRef = 8E1F91A02452CD2A00BF4117 /* RawCSV.swift */; };
		8E1F91A32452CD6300BF4117 /* PokemonsCSVConverter.swift in Sources */ = {isa = PBXBuildFile; fileRef = 8E1F91A22452CD6300BF4117 /* PokemonsCSVConverter.swift */; };
		8E1F91A82452CEAC00BF4117 /* CharacterExtensions.swift in Sources */ = {isa = PBXBuildFile; fileRef = 8E1F91A52452CEAC00BF4117 /* CharacterExtensions.swift */; };
		8E1F91A92452CEAC00BF4117 /* NavigationControllerExtensions.swift in Sources */ = {isa = PBXBuildFile; fileRef = 8E1F91A62452CEAC00BF4117 /* NavigationControllerExtensions.swift */; };
		8E1F91AA2452CEAC00BF4117 /* SequenceExtensions.swift in Sources */ = {isa = PBXBuildFile; fileRef = 8E1F91A72452CEAC00BF4117 /* SequenceExtensions.swift */; };
		8E1F91AE2452CF0B00BF4117 /* PokemonDataViewModel.swift in Sources */ = {isa = PBXBuildFile; fileRef = 8E1F91AD2452CF0B00BF4117 /* PokemonDataViewModel.swift */; };
		8E1F91B22452CF6200BF4117 /* PokemonCell.swift in Sources */ = {isa = PBXBuildFile; fileRef = 8E1F91B12452CF6200BF4117 /* PokemonCell.swift */; };
		8ECEB80D2452DF2B00896EB3 /* ActivityIndicator.swift in Sources */ = {isa = PBXBuildFile; fileRef = 8ECEB80C2452DF2B00896EB3 /* ActivityIndicator.swift */; };
		8ECEB8112452DF8F00896EB3 /* LoadingView.swift in Sources */ = {isa = PBXBuildFile; fileRef = 8ECEB8102452DF8F00896EB3 /* LoadingView.swift */; };
		8ECEB8142452E15100896EB3 /* BaseConfiguration.swift in Sources */ = {isa = PBXBuildFile; fileRef = 8ECEB8132452E15100896EB3 /* BaseConfiguration.swift */; };
		8ECEB8192452E19800896EB3 /* PokemonRequest.swift in Sources */ = {isa = PBXBuildFile; fileRef = 8ECEB8162452E19800896EB3 /* PokemonRequest.swift */; };
		8ECEB81A2452E19800896EB3 /* EvolutionChainRequest.swift in Sources */ = {isa = PBXBuildFile; fileRef = 8ECEB8172452E19800896EB3 /* EvolutionChainRequest.swift */; };
		8ECEB81B2452E19800896EB3 /* SpeciesRequest.swift in Sources */ = {isa = PBXBuildFile; fileRef = 8ECEB8182452E19800896EB3 /* SpeciesRequest.swift */; };
		8ECEB81E2452E1FF00896EB3 /* PokemonDetailService.swift in Sources */ = {isa = PBXBuildFile; fileRef = 8ECEB81D2452E1FF00896EB3 /* PokemonDetailService.swift */; };
		8ECEB8232452E23700896EB3 /* FlavorText.swift in Sources */ = {isa = PBXBuildFile; fileRef = 8ECEB81F2452E23700896EB3 /* FlavorText.swift */; };
		8ECEB8242452E23700896EB3 /* EvolutionNode.swift in Sources */ = {isa = PBXBuildFile; fileRef = 8ECEB8202452E23700896EB3 /* EvolutionNode.swift */; };
		8ECEB8252452E23700896EB3 /* Pokemon.swift in Sources */ = {isa = PBXBuildFile; fileRef = 8ECEB8212452E23700896EB3 /* Pokemon.swift */; };
		8ECEB8262452E23700896EB3 /* Evolution.swift in Sources */ = {isa = PBXBuildFile; fileRef = 8ECEB8222452E23700896EB3 /* Evolution.swift */; };
		8ECEB82C2452E24000896EB3 /* Stats.swift in Sources */ = {isa = PBXBuildFile; fileRef = 8ECEB8272452E23F00896EB3 /* Stats.swift */; };
		8ECEB82D2452E24000896EB3 /* Species.swift in Sources */ = {isa = PBXBuildFile; fileRef = 8ECEB8282452E23F00896EB3 /* Species.swift */; };
		8ECEB82E2452E24000896EB3 /* Types.swift in Sources */ = {isa = PBXBuildFile; fileRef = 8ECEB8292452E23F00896EB3 /* Types.swift */; };
		8ECEB82F2452E24000896EB3 /* Stat.swift in Sources */ = {isa = PBXBuildFile; fileRef = 8ECEB82A2452E23F00896EB3 /* Stat.swift */; };
		8ECEB8302452E24000896EB3 /* Type.swift in Sources */ = {isa = PBXBuildFile; fileRef = 8ECEB82B2452E24000896EB3 /* Type.swift */; };
		8ECEB8322452E27400896EB3 /* DetailModels.swift in Sources */ = {isa = PBXBuildFile; fileRef = 8ECEB8312452E27400896EB3 /* DetailModels.swift */; };
		8ECEB8352452E2B900896EB3 /* PokemonType.swift in Sources */ = {isa = PBXBuildFile; fileRef = 8ECEB8332452E2B900896EB3 /* PokemonType.swift */; };
		8ECEB8362452E2B900896EB3 /* StatIdentifier.swift in Sources */ = {isa = PBXBuildFile; fileRef = 8ECEB8342452E2B900896EB3 /* StatIdentifier.swift */; };
		8ECEB8392452E2DB00896EB3 /* Constants.swift in Sources */ = {isa = PBXBuildFile; fileRef = 8ECEB8382452E2DB00896EB3 /* Constants.swift */; };
		8ECEB83C2452E6EB00896EB3 /* PokemonDetailsView.swift in Sources */ = {isa = PBXBuildFile; fileRef = 8ECEB83B2452E6EB00896EB3 /* PokemonDetailsView.swift */; };
		8EDC44CD2452C7EC00CAE566 /* AppDelegate.swift in Sources */ = {isa = PBXBuildFile; fileRef = 8EDC44CC2452C7EC00CAE566 /* AppDelegate.swift */; };
		8EDC44CF2452C7EC00CAE566 /* SceneDelegate.swift in Sources */ = {isa = PBXBuildFile; fileRef = 8EDC44CE2452C7EC00CAE566 /* SceneDelegate.swift */; };
		8EDC44D12452C7EC00CAE566 /* PokedexListView.swift in Sources */ = {isa = PBXBuildFile; fileRef = 8EDC44D02452C7EC00CAE566 /* PokedexListView.swift */; };
		8EDC44D32452C7ED00CAE566 /* Assets.xcassets in Resources */ = {isa = PBXBuildFile; fileRef = 8EDC44D22452C7ED00CAE566 /* Assets.xcassets */; };
		8EDC44D62452C7ED00CAE566 /* Preview Assets.xcassets in Resources */ = {isa = PBXBuildFile; fileRef = 8EDC44D52452C7ED00CAE566 /* Preview Assets.xcassets */; };
		8EDC44D92452C7ED00CAE566 /* LaunchScreen.storyboard in Resources */ = {isa = PBXBuildFile; fileRef = 8EDC44D72452C7ED00CAE566 /* LaunchScreen.storyboard */; };
/* End PBXBuildFile section */

/* Begin PBXFileReference section */
		0554C5CAC9F93EAFB2123DE4 /* Pods_Pokedex_SwiftUI.framework */ = {isa = PBXFileReference; explicitFileType = wrapper.framework; includeInIndex = 0; path = Pods_Pokedex_SwiftUI.framework; sourceTree = BUILT_PRODUCTS_DIR; };
		1ABAE1B27DC60FFC70656625 /* Pods-Pokedex SwiftUI.debug.xcconfig */ = {isa = PBXFileReference; includeInIndex = 1; lastKnownFileType = text.xcconfig; name = "Pods-Pokedex SwiftUI.debug.xcconfig"; path = "Target Support Files/Pods-Pokedex SwiftUI/Pods-Pokedex SwiftUI.debug.xcconfig"; sourceTree = "<group>"; };
		6EB67D005280A6B0A8F1A814 /* Pods-Pokedex SwiftUI.release.xcconfig */ = {isa = PBXFileReference; includeInIndex = 1; lastKnownFileType = text.xcconfig; name = "Pods-Pokedex SwiftUI.release.xcconfig"; path = "Target Support Files/Pods-Pokedex SwiftUI/Pods-Pokedex SwiftUI.release.xcconfig"; sourceTree = "<group>"; };
		8E1F91942452CBE800BF4117 /* Colors.swift */ = {isa = PBXFileReference; lastKnownFileType = sourcecode.swift; path = Colors.swift; sourceTree = "<group>"; };
		8E1F91962452CBF100BF4117 /* JSONKey.swift */ = {isa = PBXFileReference; lastKnownFileType = sourcecode.swift; path = JSONKey.swift; sourceTree = "<group>"; };
		8E1F91982452CC0200BF4117 /* CSVError.swift */ = {isa = PBXFileReference; lastKnownFileType = sourcecode.swift; path = CSVError.swift; sourceTree = "<group>"; };
		8E1F919A2452CC7E00BF4117 /* pokemon.csv */ = {isa = PBXFileReference; fileEncoding = 4; lastKnownFileType = text; path = pokemon.csv; sourceTree = "<group>"; };
		8E1F919D2452CCA500BF4117 /* PokemonData.swift */ = {isa = PBXFileReference; lastKnownFileType = sourcecode.swift; path = PokemonData.swift; sourceTree = "<group>"; };
		8E1F91A02452CD2A00BF4117 /* RawCSV.swift */ = {isa = PBXFileReference; lastKnownFileType = sourcecode.swift; path = RawCSV.swift; sourceTree = "<group>"; };
		8E1F91A22452CD6300BF4117 /* PokemonsCSVConverter.swift */ = {isa = PBXFileReference; lastKnownFileType = sourcecode.swift; path = PokemonsCSVConverter.swift; sourceTree = "<group>"; };
		8E1F91A52452CEAC00BF4117 /* CharacterExtensions.swift */ = {isa = PBXFileReference; fileEncoding = 4; lastKnownFileType = sourcecode.swift; path = CharacterExtensions.swift; sourceTree = "<group>"; };
		8E1F91A62452CEAC00BF4117 /* NavigationControllerExtensions.swift */ = {isa = PBXFileReference; fileEncoding = 4; lastKnownFileType = sourcecode.swift; path = NavigationControllerExtensions.swift; sourceTree = "<group>"; };
		8E1F91A72452CEAC00BF4117 /* SequenceExtensions.swift */ = {isa = PBXFileReference; fileEncoding = 4; lastKnownFileType = sourcecode.swift; path = SequenceExtensions.swift; sourceTree = "<group>"; };
		8E1F91AD2452CF0B00BF4117 /* PokemonDataViewModel.swift */ = {isa = PBXFileReference; lastKnownFileType = sourcecode.swift; path = PokemonDataViewModel.swift; sourceTree = "<group>"; };
		8E1F91B12452CF6200BF4117 /* PokemonCell.swift */ = {isa = PBXFileReference; lastKnownFileType = sourcecode.swift; path = PokemonCell.swift; sourceTree = "<group>"; };
		8ECEB80C2452DF2B00896EB3 /* ActivityIndicator.swift */ = {isa = PBXFileReference; lastKnownFileType = sourcecode.swift; path = ActivityIndicator.swift; sourceTree = "<group>"; };
		8ECEB8102452DF8F00896EB3 /* LoadingView.swift */ = {isa = PBXFileReference; lastKnownFileType = sourcecode.swift; path = LoadingView.swift; sourceTree = "<group>"; };
		8ECEB8132452E15100896EB3 /* BaseConfiguration.swift */ = {isa = PBXFileReference; lastKnownFileType = sourcecode.swift; path = BaseConfiguration.swift; sourceTree = "<group>"; };
		8ECEB8162452E19800896EB3 /* PokemonRequest.swift */ = {isa = PBXFileReference; fileEncoding = 4; lastKnownFileType = sourcecode.swift; path = PokemonRequest.swift; sourceTree = "<group>"; };
		8ECEB8172452E19800896EB3 /* EvolutionChainRequest.swift */ = {isa = PBXFileReference; fileEncoding = 4; lastKnownFileType = sourcecode.swift; path = EvolutionChainRequest.swift; sourceTree = "<group>"; };
		8ECEB8182452E19800896EB3 /* SpeciesRequest.swift */ = {isa = PBXFileReference; fileEncoding = 4; lastKnownFileType = sourcecode.swift; path = SpeciesRequest.swift; sourceTree = "<group>"; };
		8ECEB81D2452E1FF00896EB3 /* PokemonDetailService.swift */ = {isa = PBXFileReference; lastKnownFileType = sourcecode.swift; path = PokemonDetailService.swift; sourceTree = "<group>"; };
		8ECEB81F2452E23700896EB3 /* FlavorText.swift */ = {isa = PBXFileReference; fileEncoding = 4; lastKnownFileType = sourcecode.swift; path = FlavorText.swift; sourceTree = "<group>"; };
		8ECEB8202452E23700896EB3 /* EvolutionNode.swift */ = {isa = PBXFileReference; fileEncoding = 4; lastKnownFileType = sourcecode.swift; path = EvolutionNode.swift; sourceTree = "<group>"; };
		8ECEB8212452E23700896EB3 /* Pokemon.swift */ = {isa = PBXFileReference; fileEncoding = 4; lastKnownFileType = sourcecode.swift; path = Pokemon.swift; sourceTree = "<group>"; };
		8ECEB8222452E23700896EB3 /* Evolution.swift */ = {isa = PBXFileReference; fileEncoding = 4; lastKnownFileType = sourcecode.swift; path = Evolution.swift; sourceTree = "<group>"; };
		8ECEB8272452E23F00896EB3 /* Stats.swift */ = {isa = PBXFileReference; fileEncoding = 4; lastKnownFileType = sourcecode.swift; path = Stats.swift; sourceTree = "<group>"; };
		8ECEB8282452E23F00896EB3 /* Species.swift */ = {isa = PBXFileReference; fileEncoding = 4; lastKnownFileType = sourcecode.swift; path = Species.swift; sourceTree = "<group>"; };
		8ECEB8292452E23F00896EB3 /* Types.swift */ = {isa = PBXFileReference; fileEncoding = 4; lastKnownFileType = sourcecode.swift; path = Types.swift; sourceTree = "<group>"; };
		8ECEB82A2452E23F00896EB3 /* Stat.swift */ = {isa = PBXFileReference; fileEncoding = 4; lastKnownFileType = sourcecode.swift; path = Stat.swift; sourceTree = "<group>"; };
		8ECEB82B2452E24000896EB3 /* Type.swift */ = {isa = PBXFileReference; fileEncoding = 4; lastKnownFileType = sourcecode.swift; path = Type.swift; sourceTree = "<group>"; };
		8ECEB8312452E27400896EB3 /* DetailModels.swift */ = {isa = PBXFileReference; fileEncoding = 4; lastKnownFileType = sourcecode.swift; path = DetailModels.swift; sourceTree = "<group>"; };
		8ECEB8332452E2B900896EB3 /* PokemonType.swift */ = {isa = PBXFileReference; fileEncoding = 4; lastKnownFileType = sourcecode.swift; path = PokemonType.swift; sourceTree = "<group>"; };
		8ECEB8342452E2B900896EB3 /* StatIdentifier.swift */ = {isa = PBXFileReference; fileEncoding = 4; lastKnownFileType = sourcecode.swift; path = StatIdentifier.swift; sourceTree = "<group>"; };
		8ECEB8382452E2DB00896EB3 /* Constants.swift */ = {isa = PBXFileReference; lastKnownFileType = sourcecode.swift; path = Constants.swift; sourceTree = "<group>"; };
		8ECEB83B2452E6EB00896EB3 /* PokemonDetailsView.swift */ = {isa = PBXFileReference; lastKnownFileType = sourcecode.swift; path = PokemonDetailsView.swift; sourceTree = "<group>"; };
		8EDC44C92452C7EC00CAE566 /* Pokedex SwiftUI.app */ = {isa = PBXFileReference; explicitFileType = wrapper.application; includeInIndex = 0; path = "Pokedex SwiftUI.app"; sourceTree = BUILT_PRODUCTS_DIR; };
		8EDC44CC2452C7EC00CAE566 /* AppDelegate.swift */ = {isa = PBXFileReference; lastKnownFileType = sourcecode.swift; path = AppDelegate.swift; sourceTree = "<group>"; };
		8EDC44CE2452C7EC00CAE566 /* SceneDelegate.swift */ = {isa = PBXFileReference; lastKnownFileType = sourcecode.swift; path = SceneDelegate.swift; sourceTree = "<group>"; };
		8EDC44D02452C7EC00CAE566 /* PokedexListView.swift */ = {isa = PBXFileReference; lastKnownFileType = sourcecode.swift; path = PokedexListView.swift; sourceTree = "<group>"; };
		8EDC44D22452C7ED00CAE566 /* Assets.xcassets */ = {isa = PBXFileReference; lastKnownFileType = folder.assetcatalog; path = Assets.xcassets; sourceTree = "<group>"; };
		8EDC44D52452C7ED00CAE566 /* Preview Assets.xcassets */ = {isa = PBXFileReference; lastKnownFileType = folder.assetcatalog; path = "Preview Assets.xcassets"; sourceTree = "<group>"; };
		8EDC44D82452C7ED00CAE566 /* Base */ = {isa = PBXFileReference; lastKnownFileType = file.storyboard; name = Base; path = Base.lproj/LaunchScreen.storyboard; sourceTree = "<group>"; };
		8EDC44DA2452C7EE00CAE566 /* Info.plist */ = {isa = PBXFileReference; lastKnownFileType = text.plist.xml; path = Info.plist; sourceTree = "<group>"; };
/* End PBXFileReference section */

/* Begin PBXFrameworksBuildPhase section */
		8EDC44C62452C7EC00CAE566 /* Frameworks */ = {
			isa = PBXFrameworksBuildPhase;
			buildActionMask = 2147483647;
			files = (
				624215E3653E668D7459BD8E /* Pods_Pokedex_SwiftUI.framework in Frameworks */,
			);
			runOnlyForDeploymentPostprocessing = 0;
		};
/* End PBXFrameworksBuildPhase section */

/* Begin PBXGroup section */
		649E02C47D6EFE62968284F8 /* Frameworks */ = {
			isa = PBXGroup;
			children = (
				0554C5CAC9F93EAFB2123DE4 /* Pods_Pokedex_SwiftUI.framework */,
			);
			name = Frameworks;
			sourceTree = "<group>";
		};
		8E1F91902452CB6D00BF4117 /* Pokedex List */ = {
			isa = PBXGroup;
			children = (
				8ECEB8152452E18400896EB3 /* Networking */,
				8E1F91AC2452CEF800BF4117 /* View Models */,
				8ECEB81C2452E1E500896EB3 /* Service */,
				8E1F91AB2452CEF200BF4117 /* Views */,
				8EDC44D02452C7EC00CAE566 /* PokedexListView.swift */,
			);
			path = "Pokedex List";
			sourceTree = "<group>";
		};
		8E1F91912452CBB600BF4117 /* Utilities */ = {
			isa = PBXGroup;
			children = (
				8ECEB8122452E14200896EB3 /* Networking */,
				8ECEB80F2452DF6500896EB3 /* Activity Indicator */,
				8E1F919F2452CD1E00BF4117 /* Structs */,
				8E1F91932452CBD500BF4117 /* Enums */,
				8E1F91A22452CD6300BF4117 /* PokemonsCSVConverter.swift */,
				8ECEB8382452E2DB00896EB3 /* Constants.swift */,
			);
			path = Utilities;
			sourceTree = "<group>";
		};
		8E1F91922452CBCD00BF4117 /* New Group */ = {
			isa = PBXGroup;
			children = (
			);
			path = "New Group";
			sourceTree = "<group>";
		};
		8E1F91932452CBD500BF4117 /* Enums */ = {
			isa = PBXGroup;
			children = (
				8ECEB8332452E2B900896EB3 /* PokemonType.swift */,
				8ECEB8342452E2B900896EB3 /* StatIdentifier.swift */,
				8E1F91942452CBE800BF4117 /* Colors.swift */,
				8E1F91962452CBF100BF4117 /* JSONKey.swift */,
				8E1F91982452CC0200BF4117 /* CSVError.swift */,
			);
			path = Enums;
			sourceTree = "<group>";
		};
		8E1F919C2452CC9900BF4117 /* Models */ = {
			isa = PBXGroup;
			children = (
				8ECEB8312452E27400896EB3 /* DetailModels.swift */,
				8ECEB8282452E23F00896EB3 /* Species.swift */,
				8ECEB82A2452E23F00896EB3 /* Stat.swift */,
				8ECEB8272452E23F00896EB3 /* Stats.swift */,
				8ECEB82B2452E24000896EB3 /* Type.swift */,
				8ECEB8292452E23F00896EB3 /* Types.swift */,
				8ECEB8222452E23700896EB3 /* Evolution.swift */,
				8ECEB8202452E23700896EB3 /* EvolutionNode.swift */,
				8ECEB81F2452E23700896EB3 /* FlavorText.swift */,
				8ECEB8212452E23700896EB3 /* Pokemon.swift */,
				8E1F919D2452CCA500BF4117 /* PokemonData.swift */,
			);
			path = Models;
			sourceTree = "<group>";
		};
		8E1F919F2452CD1E00BF4117 /* Structs */ = {
			isa = PBXGroup;
			children = (
				8E1F91A02452CD2A00BF4117 /* RawCSV.swift */,
			);
			path = Structs;
			sourceTree = "<group>";
		};
		8E1F91A42452CEA100BF4117 /* Extensions */ = {
			isa = PBXGroup;
			children = (
				8E1F91A52452CEAC00BF4117 /* CharacterExtensions.swift */,
				8E1F91A62452CEAC00BF4117 /* NavigationControllerExtensions.swift */,
				8E1F91A72452CEAC00BF4117 /* SequenceExtensions.swift */,
			);
			path = Extensions;
			sourceTree = "<group>";
		};
		8E1F91AB2452CEF200BF4117 /* Views */ = {
			isa = PBXGroup;
			children = (
				8E1F91B12452CF6200BF4117 /* PokemonCell.swift */,
			);
			path = Views;
			sourceTree = "<group>";
		};
		8E1F91AC2452CEF800BF4117 /* View Models */ = {
			isa = PBXGroup;
			children = (
				8E1F91AD2452CF0B00BF4117 /* PokemonDataViewModel.swift */,
			);
			path = "View Models";
			sourceTree = "<group>";
		};
		8E53B26E245458B8000DD7CA /* Views */ = {
			isa = PBXGroup;
			children = (
			);
			path = Views;
			sourceTree = "<group>";
		};
		8ECEB80F2452DF6500896EB3 /* Activity Indicator */ = {
			isa = PBXGroup;
			children = (
				8ECEB80C2452DF2B00896EB3 /* ActivityIndicator.swift */,
				8ECEB8102452DF8F00896EB3 /* LoadingView.swift */,
			);
			path = "Activity Indicator";
			sourceTree = "<group>";
		};
		8ECEB8122452E14200896EB3 /* Networking */ = {
			isa = PBXGroup;
			children = (
				8ECEB8132452E15100896EB3 /* BaseConfiguration.swift */,
			);
			path = Networking;
			sourceTree = "<group>";
		};
		8ECEB8152452E18400896EB3 /* Networking */ = {
			isa = PBXGroup;
			children = (
				8ECEB8172452E19800896EB3 /* EvolutionChainRequest.swift */,
				8ECEB8162452E19800896EB3 /* PokemonRequest.swift */,
				8ECEB8182452E19800896EB3 /* SpeciesRequest.swift */,
			);
			path = Networking;
			sourceTree = "<group>";
		};
		8ECEB81C2452E1E500896EB3 /* Service */ = {
			isa = PBXGroup;
			children = (
				8ECEB81D2452E1FF00896EB3 /* PokemonDetailService.swift */,
			);
			path = Service;
			sourceTree = "<group>";
		};
		8ECEB83A2452E6D100896EB3 /* Pokemon Details */ = {
			isa = PBXGroup;
			children = (
				8E53B26E245458B8000DD7CA /* Views */,
				8ECEB83B2452E6EB00896EB3 /* PokemonDetailsView.swift */,
			);
			path = "Pokemon Details";
			sourceTree = "<group>";
		};
		8EDC44C02452C7EC00CAE566 = {
			isa = PBXGroup;
			children = (
				8EDC44CB2452C7EC00CAE566 /* Pokedex SwiftUI */,
				8EDC44CA2452C7EC00CAE566 /* Products */,
				B71C2213049E976D2856F081 /* Pods */,
				649E02C47D6EFE62968284F8 /* Frameworks */,
			);
			sourceTree = "<group>";
		};
		8EDC44CA2452C7EC00CAE566 /* Products */ = {
			isa = PBXGroup;
			children = (
				8EDC44C92452C7EC00CAE566 /* Pokedex SwiftUI.app */,
			);
			name = Products;
			sourceTree = "<group>";
		};
		8EDC44CB2452C7EC00CAE566 /* Pokedex SwiftUI */ = {
			isa = PBXGroup;
			children = (
				8EDC44E12452C80A00CAE566 /* Supporting Files */,
				8EDC44E02452C80600CAE566 /* App Controllers */,
				8E1F91A42452CEA100BF4117 /* Extensions */,
				8E1F919C2452CC9900BF4117 /* Models */,
				8E1F91912452CBB600BF4117 /* Utilities */,
				8E1F91902452CB6D00BF4117 /* Pokedex List */,
				8ECEB83A2452E6D100896EB3 /* Pokemon Details */,
			);
			path = "Pokedex SwiftUI";
			sourceTree = "<group>";
		};
		8EDC44D42452C7ED00CAE566 /* Preview Content */ = {
			isa = PBXGroup;
			children = (
				8EDC44D52452C7ED00CAE566 /* Preview Assets.xcassets */,
			);
			path = "Preview Content";
			sourceTree = "<group>";
		};
		8EDC44E02452C80600CAE566 /* App Controllers */ = {
			isa = PBXGroup;
			children = (
				8EDC44CC2452C7EC00CAE566 /* AppDelegate.swift */,
				8EDC44CE2452C7EC00CAE566 /* SceneDelegate.swift */,
			);
			path = "App Controllers";
			sourceTree = "<group>";
		};
		8EDC44E12452C80A00CAE566 /* Supporting Files */ = {
			isa = PBXGroup;
			children = (
				8E1F91922452CBCD00BF4117 /* New Group */,
				8EDC44D22452C7ED00CAE566 /* Assets.xcassets */,
				8EDC44D72452C7ED00CAE566 /* LaunchScreen.storyboard */,
				8EDC44DA2452C7EE00CAE566 /* Info.plist */,
				8E1F919A2452CC7E00BF4117 /* pokemon.csv */,
				8EDC44D42452C7ED00CAE566 /* Preview Content */,
			);
			path = "Supporting Files";
			sourceTree = "<group>";
		};
		B71C2213049E976D2856F081 /* Pods */ = {
			isa = PBXGroup;
			children = (
				1ABAE1B27DC60FFC70656625 /* Pods-Pokedex SwiftUI.debug.xcconfig */,
				6EB67D005280A6B0A8F1A814 /* Pods-Pokedex SwiftUI.release.xcconfig */,
			);
			path = Pods;
			sourceTree = "<group>";
		};
/* End PBXGroup section */

/* Begin PBXNativeTarget section */
		8EDC44C82452C7EC00CAE566 /* Pokedex SwiftUI */ = {
			isa = PBXNativeTarget;
			buildConfigurationList = 8EDC44DD2452C7EE00CAE566 /* Build configuration list for PBXNativeTarget "Pokedex SwiftUI" */;
			buildPhases = (
				FAF014C05A9D22BF486E7394 /* [CP] Check Pods Manifest.lock */,
				8EDC44C52452C7EC00CAE566 /* Sources */,
				8EDC44C62452C7EC00CAE566 /* Frameworks */,
				8EDC44C72452C7EC00CAE566 /* Resources */,
				D75FCF872FA8F3B75A578920 /* [CP] Embed Pods Frameworks */,
			);
			buildRules = (
			);
			dependencies = (
			);
			name = "Pokedex SwiftUI";
			productName = "Pokedex SwiftUI";
			productReference = 8EDC44C92452C7EC00CAE566 /* Pokedex SwiftUI.app */;
			productType = "com.apple.product-type.application";
		};
/* End PBXNativeTarget section */

/* Begin PBXProject section */
		8EDC44C12452C7EC00CAE566 /* Project object */ = {
			isa = PBXProject;
			attributes = {
				LastSwiftUpdateCheck = 1140;
				LastUpgradeCheck = 1140;
				ORGANIZATIONNAME = "Rael San Juan";
				TargetAttributes = {
					8EDC44C82452C7EC00CAE566 = {
						CreatedOnToolsVersion = 11.4.1;
					};
				};
			};
			buildConfigurationList = 8EDC44C42452C7EC00CAE566 /* Build configuration list for PBXProject "Pokedex SwiftUI" */;
			compatibilityVersion = "Xcode 9.3";
			developmentRegion = en;
			hasScannedForEncodings = 0;
			knownRegions = (
				en,
				Base,
			);
			mainGroup = 8EDC44C02452C7EC00CAE566;
			productRefGroup = 8EDC44CA2452C7EC00CAE566 /* Products */;
			projectDirPath = "";
			projectRoot = "";
			targets = (
				8EDC44C82452C7EC00CAE566 /* Pokedex SwiftUI */,
			);
		};
/* End PBXProject section */

/* Begin PBXResourcesBuildPhase section */
		8EDC44C72452C7EC00CAE566 /* Resources */ = {
			isa = PBXResourcesBuildPhase;
			buildActionMask = 2147483647;
			files = (
				8EDC44D92452C7ED00CAE566 /* LaunchScreen.storyboard in Resources */,
				8EDC44D62452C7ED00CAE566 /* Preview Assets.xcassets in Resources */,
				8E1F919B2452CC7F00BF4117 /* pokemon.csv in Resources */,
				8EDC44D32452C7ED00CAE566 /* Assets.xcassets in Resources */,
			);
			runOnlyForDeploymentPostprocessing = 0;
		};
/* End PBXResourcesBuildPhase section */

/* Begin PBXShellScriptBuildPhase section */
		D75FCF872FA8F3B75A578920 /* [CP] Embed Pods Frameworks */ = {
			isa = PBXShellScriptBuildPhase;
			buildActionMask = 2147483647;
			files = (
			);
			inputFileListPaths = (
				"${PODS_ROOT}/Target Support Files/Pods-Pokedex SwiftUI/Pods-Pokedex SwiftUI-frameworks-${CONFIGURATION}-input-files.xcfilelist",
			);
			name = "[CP] Embed Pods Frameworks";
			outputFileListPaths = (
				"${PODS_ROOT}/Target Support Files/Pods-Pokedex SwiftUI/Pods-Pokedex SwiftUI-frameworks-${CONFIGURATION}-output-files.xcfilelist",
			);
			runOnlyForDeploymentPostprocessing = 0;
			shellPath = /bin/sh;
			shellScript = "\"${PODS_ROOT}/Target Support Files/Pods-Pokedex SwiftUI/Pods-Pokedex SwiftUI-frameworks.sh\"\n";
			showEnvVarsInLog = 0;
		};
		FAF014C05A9D22BF486E7394 /* [CP] Check Pods Manifest.lock */ = {
			isa = PBXShellScriptBuildPhase;
			buildActionMask = 2147483647;
			files = (
			);
			inputFileListPaths = (
			);
			inputPaths = (
				"${PODS_PODFILE_DIR_PATH}/Podfile.lock",
				"${PODS_ROOT}/Manifest.lock",
			);
			name = "[CP] Check Pods Manifest.lock";
			outputFileListPaths = (
			);
			outputPaths = (
				"$(DERIVED_FILE_DIR)/Pods-Pokedex SwiftUI-checkManifestLockResult.txt",
			);
			runOnlyForDeploymentPostprocessing = 0;
			shellPath = /bin/sh;
			shellScript = "diff \"${PODS_PODFILE_DIR_PATH}/Podfile.lock\" \"${PODS_ROOT}/Manifest.lock\" > /dev/null\nif [ $? != 0 ] ; then\n    # print error to STDERR\n    echo \"error: The sandbox is not in sync with the Podfile.lock. Run 'pod install' or update your CocoaPods installation.\" >&2\n    exit 1\nfi\n# This output is used by Xcode 'outputs' to avoid re-running this script phase.\necho \"SUCCESS\" > \"${SCRIPT_OUTPUT_FILE_0}\"\n";
			showEnvVarsInLog = 0;
		};
/* End PBXShellScriptBuildPhase section */

/* Begin PBXSourcesBuildPhase section */
		8EDC44C52452C7EC00CAE566 /* Sources */ = {
			isa = PBXSourcesBuildPhase;
			buildActionMask = 2147483647;
			files = (
				8E1F91972452CBF100BF4117 /* JSONKey.swift in Sources */,
				8ECEB8392452E2DB00896EB3 /* Constants.swift in Sources */,
				8ECEB83C2452E6EB00896EB3 /* PokemonDetailsView.swift in Sources */,
				8ECEB82C2452E24000896EB3 /* Stats.swift in Sources */,
				8ECEB80D2452DF2B00896EB3 /* ActivityIndicator.swift in Sources */,
				8ECEB82E2452E24000896EB3 /* Types.swift in Sources */,
				8E1F91A82452CEAC00BF4117 /* CharacterExtensions.swift in Sources */,
				8ECEB8302452E24000896EB3 /* Type.swift in Sources */,
				8E1F91A92452CEAC00BF4117 /* NavigationControllerExtensions.swift in Sources */,
				8ECEB8352452E2B900896EB3 /* PokemonType.swift in Sources */,
				8ECEB82F2452E24000896EB3 /* Stat.swift in Sources */,
				8ECEB81E2452E1FF00896EB3 /* PokemonDetailService.swift in Sources */,
				8E1F919E2452CCA500BF4117 /* PokemonData.swift in Sources */,
				8ECEB8232452E23700896EB3 /* FlavorText.swift in Sources */,
				8ECEB8112452DF8F00896EB3 /* LoadingView.swift in Sources */,
				8E1F91AA2452CEAC00BF4117 /* SequenceExtensions.swift in Sources */,
				8E1F91B22452CF6200BF4117 /* PokemonCell.swift in Sources */,
				8ECEB81B2452E19800896EB3 /* SpeciesRequest.swift in Sources */,
				8E1F91AE2452CF0B00BF4117 /* PokemonDataViewModel.swift in Sources */,
				8E1F91992452CC0200BF4117 /* CSVError.swift in Sources */,
				8ECEB8262452E23700896EB3 /* Evolution.swift in Sources */,
				8ECEB8362452E2B900896EB3 /* StatIdentifier.swift in Sources */,
				8E1F91A32452CD6300BF4117 /* PokemonsCSVConverter.swift in Sources */,
				8ECEB82D2452E24000896EB3 /* Species.swift in Sources */,
				8ECEB8192452E19800896EB3 /* PokemonRequest.swift in Sources */,
				8ECEB8142452E15100896EB3 /* BaseConfiguration.swift in Sources */,
				8ECEB81A2452E19800896EB3 /* EvolutionChainRequest.swift in Sources */,
				8ECEB8322452E27400896EB3 /* DetailModels.swift in Sources */,
				8ECEB8252452E23700896EB3 /* Pokemon.swift in Sources */,
				8EDC44CD2452C7EC00CAE566 /* AppDelegate.swift in Sources */,
				8ECEB8242452E23700896EB3 /* EvolutionNode.swift in Sources */,
				8E1F91952452CBE800BF4117 /* Colors.swift in Sources */,
				8E1F91A12452CD2A00BF4117 /* RawCSV.swift in Sources */,
				8EDC44CF2452C7EC00CAE566 /* SceneDelegate.swift in Sources */,
				8EDC44D12452C7EC00CAE566 /* PokedexListView.swift in Sources */,
			);
			runOnlyForDeploymentPostprocessing = 0;
		};
/* End PBXSourcesBuildPhase section */

/* Begin PBXVariantGroup section */
		8EDC44D72452C7ED00CAE566 /* LaunchScreen.storyboard */ = {
			isa = PBXVariantGroup;
			children = (
				8EDC44D82452C7ED00CAE566 /* Base */,
			);
			name = LaunchScreen.storyboard;
			sourceTree = "<group>";
		};
/* End PBXVariantGroup section */

/* Begin XCBuildConfiguration section */
		8EDC44DB2452C7EE00CAE566 /* Debug */ = {
			isa = XCBuildConfiguration;
			buildSettings = {
				ALWAYS_SEARCH_USER_PATHS = NO;
				CLANG_ANALYZER_NONNULL = YES;
				CLANG_ANALYZER_NUMBER_OBJECT_CONVERSION = YES_AGGRESSIVE;
				CLANG_CXX_LANGUAGE_STANDARD = "gnu++14";
				CLANG_CXX_LIBRARY = "libc++";
				CLANG_ENABLE_MODULES = YES;
				CLANG_ENABLE_OBJC_ARC = YES;
				CLANG_ENABLE_OBJC_WEAK = YES;
				CLANG_WARN_BLOCK_CAPTURE_AUTORELEASING = YES;
				CLANG_WARN_BOOL_CONVERSION = YES;
				CLANG_WARN_COMMA = YES;
				CLANG_WARN_CONSTANT_CONVERSION = YES;
				CLANG_WARN_DEPRECATED_OBJC_IMPLEMENTATIONS = YES;
				CLANG_WARN_DIRECT_OBJC_ISA_USAGE = YES_ERROR;
				CLANG_WARN_DOCUMENTATION_COMMENTS = YES;
				CLANG_WARN_EMPTY_BODY = YES;
				CLANG_WARN_ENUM_CONVERSION = YES;
				CLANG_WARN_INFINITE_RECURSION = YES;
				CLANG_WARN_INT_CONVERSION = YES;
				CLANG_WARN_NON_LITERAL_NULL_CONVERSION = YES;
				CLANG_WARN_OBJC_IMPLICIT_RETAIN_SELF = YES;
				CLANG_WARN_OBJC_LITERAL_CONVERSION = YES;
				CLANG_WARN_OBJC_ROOT_CLASS = YES_ERROR;
				CLANG_WARN_RANGE_LOOP_ANALYSIS = YES;
				CLANG_WARN_STRICT_PROTOTYPES = YES;
				CLANG_WARN_SUSPICIOUS_MOVE = YES;
				CLANG_WARN_UNGUARDED_AVAILABILITY = YES_AGGRESSIVE;
				CLANG_WARN_UNREACHABLE_CODE = YES;
				CLANG_WARN__DUPLICATE_METHOD_MATCH = YES;
				COPY_PHASE_STRIP = NO;
				DEBUG_INFORMATION_FORMAT = dwarf;
				ENABLE_STRICT_OBJC_MSGSEND = YES;
				ENABLE_TESTABILITY = YES;
				GCC_C_LANGUAGE_STANDARD = gnu11;
				GCC_DYNAMIC_NO_PIC = NO;
				GCC_NO_COMMON_BLOCKS = YES;
				GCC_OPTIMIZATION_LEVEL = 0;
				GCC_PREPROCESSOR_DEFINITIONS = (
					"DEBUG=1",
					"$(inherited)",
				);
				GCC_WARN_64_TO_32_BIT_CONVERSION = YES;
				GCC_WARN_ABOUT_RETURN_TYPE = YES_ERROR;
				GCC_WARN_UNDECLARED_SELECTOR = YES;
				GCC_WARN_UNINITIALIZED_AUTOS = YES_AGGRESSIVE;
				GCC_WARN_UNUSED_FUNCTION = YES;
				GCC_WARN_UNUSED_VARIABLE = YES;
				IPHONEOS_DEPLOYMENT_TARGET = 13.4;
				MTL_ENABLE_DEBUG_INFO = INCLUDE_SOURCE;
				MTL_FAST_MATH = YES;
				ONLY_ACTIVE_ARCH = YES;
				SDKROOT = iphoneos;
				SWIFT_ACTIVE_COMPILATION_CONDITIONS = DEBUG;
				SWIFT_OPTIMIZATION_LEVEL = "-Onone";
			};
			name = Debug;
		};
		8EDC44DC2452C7EE00CAE566 /* Release */ = {
			isa = XCBuildConfiguration;
			buildSettings = {
				ALWAYS_SEARCH_USER_PATHS = NO;
				CLANG_ANALYZER_NONNULL = YES;
				CLANG_ANALYZER_NUMBER_OBJECT_CONVERSION = YES_AGGRESSIVE;
				CLANG_CXX_LANGUAGE_STANDARD = "gnu++14";
				CLANG_CXX_LIBRARY = "libc++";
				CLANG_ENABLE_MODULES = YES;
				CLANG_ENABLE_OBJC_ARC = YES;
				CLANG_ENABLE_OBJC_WEAK = YES;
				CLANG_WARN_BLOCK_CAPTURE_AUTORELEASING = YES;
				CLANG_WARN_BOOL_CONVERSION = YES;
				CLANG_WARN_COMMA = YES;
				CLANG_WARN_CONSTANT_CONVERSION = YES;
				CLANG_WARN_DEPRECATED_OBJC_IMPLEMENTATIONS = YES;
				CLANG_WARN_DIRECT_OBJC_ISA_USAGE = YES_ERROR;
				CLANG_WARN_DOCUMENTATION_COMMENTS = YES;
				CLANG_WARN_EMPTY_BODY = YES;
				CLANG_WARN_ENUM_CONVERSION = YES;
				CLANG_WARN_INFINITE_RECURSION = YES;
				CLANG_WARN_INT_CONVERSION = YES;
				CLANG_WARN_NON_LITERAL_NULL_CONVERSION = YES;
				CLANG_WARN_OBJC_IMPLICIT_RETAIN_SELF = YES;
				CLANG_WARN_OBJC_LITERAL_CONVERSION = YES;
				CLANG_WARN_OBJC_ROOT_CLASS = YES_ERROR;
				CLANG_WARN_RANGE_LOOP_ANALYSIS = YES;
				CLANG_WARN_STRICT_PROTOTYPES = YES;
				CLANG_WARN_SUSPICIOUS_MOVE = YES;
				CLANG_WARN_UNGUARDED_AVAILABILITY = YES_AGGRESSIVE;
				CLANG_WARN_UNREACHABLE_CODE = YES;
				CLANG_WARN__DUPLICATE_METHOD_MATCH = YES;
				COPY_PHASE_STRIP = NO;
				DEBUG_INFORMATION_FORMAT = "dwarf-with-dsym";
				ENABLE_NS_ASSERTIONS = NO;
				ENABLE_STRICT_OBJC_MSGSEND = YES;
				GCC_C_LANGUAGE_STANDARD = gnu11;
				GCC_NO_COMMON_BLOCKS = YES;
				GCC_WARN_64_TO_32_BIT_CONVERSION = YES;
				GCC_WARN_ABOUT_RETURN_TYPE = YES_ERROR;
				GCC_WARN_UNDECLARED_SELECTOR = YES;
				GCC_WARN_UNINITIALIZED_AUTOS = YES_AGGRESSIVE;
				GCC_WARN_UNUSED_FUNCTION = YES;
				GCC_WARN_UNUSED_VARIABLE = YES;
				IPHONEOS_DEPLOYMENT_TARGET = 13.4;
				MTL_ENABLE_DEBUG_INFO = NO;
				MTL_FAST_MATH = YES;
				SDKROOT = iphoneos;
				SWIFT_COMPILATION_MODE = wholemodule;
				SWIFT_OPTIMIZATION_LEVEL = "-O";
				VALIDATE_PRODUCT = YES;
			};
			name = Release;
		};
		8EDC44DE2452C7EE00CAE566 /* Debug */ = {
			isa = XCBuildConfiguration;
			baseConfigurationReference = 1ABAE1B27DC60FFC70656625 /* Pods-Pokedex SwiftUI.debug.xcconfig */;
			buildSettings = {
				ASSETCATALOG_COMPILER_APPICON_NAME = AppIcon;
				CODE_SIGN_STYLE = Automatic;
				DEVELOPMENT_ASSET_PATHS = "\"Pokedex SwiftUI/Supporting Files/Preview Content\"";
				DEVELOPMENT_TEAM = K2FYAR324D;
				ENABLE_PREVIEWS = YES;
				INFOPLIST_FILE = "Pokedex SwiftUI/Supporting Files/Info.plist";
				LD_RUNPATH_SEARCH_PATHS = (
					"$(inherited)",
					"@executable_path/Frameworks",
				);
				PRODUCT_BUNDLE_IDENTIFIER = "com.rael.Pokedex-SwiftUI";
				PRODUCT_NAME = "$(TARGET_NAME)";
				SWIFT_VERSION = 5.0;
				TARGETED_DEVICE_FAMILY = "1,2";
			};
			name = Debug;
		};
		8EDC44DF2452C7EE00CAE566 /* Release */ = {
			isa = XCBuildConfiguration;
			baseConfigurationReference = 6EB67D005280A6B0A8F1A814 /* Pods-Pokedex SwiftUI.release.xcconfig */;
			buildSettings = {
				ASSETCATALOG_COMPILER_APPICON_NAME = AppIcon;
				CODE_SIGN_STYLE = Automatic;
				DEVELOPMENT_ASSET_PATHS = "\"Pokedex SwiftUI/Supporting Files/Preview Content\"";
				DEVELOPMENT_TEAM = K2FYAR324D;
				ENABLE_PREVIEWS = YES;
				INFOPLIST_FILE = "Pokedex SwiftUI/Supporting Files/Info.plist";
				LD_RUNPATH_SEARCH_PATHS = (
					"$(inherited)",
					"@executable_path/Frameworks",
				);
				PRODUCT_BUNDLE_IDENTIFIER = "com.rael.Pokedex-SwiftUI";
				PRODUCT_NAME = "$(TARGET_NAME)";
				SWIFT_VERSION = 5.0;
				TARGETED_DEVICE_FAMILY = "1,2";
			};
			name = Release;
		};
/* End XCBuildConfiguration section */

/* Begin XCConfigurationList section */
		8EDC44C42452C7EC00CAE566 /* Build configuration list for PBXProject "Pokedex SwiftUI" */ = {
			isa = XCConfigurationList;
			buildConfigurations = (
				8EDC44DB2452C7EE00CAE566 /* Debug */,
				8EDC44DC2452C7EE00CAE566 /* Release */,
			);
			defaultConfigurationIsVisible = 0;
			defaultConfigurationName = Release;
		};
		8EDC44DD2452C7EE00CAE566 /* Build configuration list for PBXNativeTarget "Pokedex SwiftUI" */ = {
			isa = XCConfigurationList;
			buildConfigurations = (
				8EDC44DE2452C7EE00CAE566 /* Debug */,
				8EDC44DF2452C7EE00CAE566 /* Release */,
			);
			defaultConfigurationIsVisible = 0;
			defaultConfigurationName = Release;
		};
/* End XCConfigurationList section */
	};
	rootObject = 8EDC44C12452C7EC00CAE566 /* Project object */;
}
